
Microsoft Visual Studio Solution File, Format Version 12.00
# Visual Studio Version 17
VisualStudioVersion = 17.0.32014.148
MinimumVisualStudioVersion = 10.0.40219.1
Project("{FAE04EC0-301F-11D3-BF4B-00C04F79EFBC}") = "PatikaBootcampHafta1", "PatikaBootcampHafta1.csproj", "{5551B4FB-801A-4B5F-852B-F222C2A86AD7}"
EndProject
Global
	GlobalSection(SolutionConfigurationPlatforms) = preSolution
		Debug|Any CPU = Debug|Any CPU
		Release|Any CPU = Release|Any CPU
	EndGlobalSection
	GlobalSection(ProjectConfigurationPlatforms) = postSolution
		{5551B4FB-801A-4B5F-852B-F222C2A86AD7}.Debug|Any CPU.ActiveCfg = Debug|Any CPU
		{5551B4FB-801A-4B5F-852B-F222C2A86AD7}.Debug|Any CPU.Build.0 = Debug|Any CPU
		{5551B4FB-801A-4B5F-852B-F222C2A86AD7}.Release|Any CPU.ActiveCfg = Release|Any CPU
		{5551B4FB-801A-4B5F-852B-F222C2A86AD7}.Release|Any CPU.Build.0 = Release|Any CPU
	EndGlobalSection
	GlobalSection(SolutionProperties) = preSolution
		HideSolutionNode = FALSE
	EndGlobalSection
	GlobalSection(ExtensibilityGlobals) = postSolution
		SolutionGuid = {BCFC361C-0CEE-4FD4-B8F0-5A7FDB70D1AE}
	EndGlobalSection
EndGlobal
